# Generated by buf. DO NOT EDIT.
version: v2
deps:
  - name: buf.build/cludden/protoc-gen-go-temporal
    commit: 60f54f0473d74764924e4862d299347f
    digest: b5:b7450b47ac01222efbce431b55412aea75bbc7e4298cf8abda02c1c0513256a410f458d3f58fca10fa43381006c50c3cec029ac6da3ace9571a211a4fc3528d2
  - name: buf.build/googleapis/googleapis
    commit: 28151c0d0a1641bf938a7672c500e01d
    digest: b5:93b70089baa4fc05a92d3e52db91a4b7812db3b57b9664f6cb301733938cb630e377a938e8a56779388171c749c1d42a2e9a6c6230f2ff45f127a8102a6a27d0
  - name: buf.build/temporalio/api
    commit: dcbf79dcaa1940dd96be03b0787d737a
    digest: b5:4253126c5284b63372641b7a4e6a321c697d2b033bf93a9b94ecdde24a249a3571d1d91b44e14b507a18d21fb9c49a0e3c0ff761a9d5cf3a9484fa8f1d9d7151
